
Microsoft Visual Studio Solution File, Format Version 12.00
# Visual Studio 14
VisualStudioVersion = 14.0.25420.1
MinimumVisualStudioVersion = 10.0.40219.1
Project("{FAE04EC0-301F-11D3-BF4B-00C04F79EFBC}") = "GeneByGene.Api", "GeneByGene.Api\GeneByGene.Api.csproj", "{A9C4B55A-B0C0-49AB-9040-2698C82E6702}"
EndProject
Project("{FAE04EC0-301F-11D3-BF4B-00C04F79EFBC}") = "GeneByGene.Api.Tests", "GeneByGene.Api.Tests\GeneByGene.Api.Tests.csproj", "{3540713A-678E-48D4-9E4E-F56C1225A92E}"
EndProject
Global
	GlobalSection(SolutionConfigurationPlatforms) = preSolution
		Debug|Any CPU = Debug|Any CPU
		Release|Any CPU = Release|Any CPU
	EndGlobalSection
	GlobalSection(ProjectConfigurationPlatforms) = postSolution
		{A9C4B55A-B0C0-49AB-9040-2698C82E6702}.Debug|Any CPU.ActiveCfg = Debug|Any CPU
		{A9C4B55A-B0C0-49AB-9040-2698C82E6702}.Debug|Any CPU.Build.0 = Debug|Any CPU
		{A9C4B55A-B0C0-49AB-9040-2698C82E6702}.Release|Any CPU.ActiveCfg = Release|Any CPU
		{A9C4B55A-B0C0-49AB-9040-2698C82E6702}.Release|Any CPU.Build.0 = Release|Any CPU
		{3540713A-678E-48D4-9E4E-F56C1225A92E}.Debug|Any CPU.ActiveCfg = Debug|Any CPU
		{3540713A-678E-48D4-9E4E-F56C1225A92E}.Debug|Any CPU.Build.0 = Debug|Any CPU
		{3540713A-678E-48D4-9E4E-F56C1225A92E}.Release|Any CPU.ActiveCfg = Release|Any CPU
		{3540713A-678E-48D4-9E4E-F56C1225A92E}.Release|Any CPU.Build.0 = Release|Any CPU
	EndGlobalSection
	GlobalSection(SolutionProperties) = preSolution
		HideSolutionNode = FALSE
	EndGlobalSection
EndGlobal
